
Microsoft Visual Studio Solution File, Format Version 12.00
# Visual Studio Version 16
VisualStudioVersion = 16.0.31729.503
MinimumVisualStudioVersion = 10.0.40219.1
Project("{9A19103F-16F7-4668-BE54-9A1E7A4F7556}") = "HW_20211103", "Lab_HW\HW_20211103.csproj", "{FE8E267D-B483-4A4F-9AC0-5092BFE5A2F8}"
EndProject
Global
	GlobalSection(SolutionConfigurationPlatforms) = preSolution
		Debug|Any CPU = Debug|Any CPU
		Release|Any CPU = Release|Any CPU
	EndGlobalSection
	GlobalSection(ProjectConfigurationPlatforms) = postSolution
		{FE8E267D-B483-4A4F-9AC0-5092BFE5A2F8}.Debug|Any CPU.ActiveCfg = Debug|Any CPU
		{FE8E267D-B483-4A4F-9AC0-5092BFE5A2F8}.Debug|Any CPU.Build.0 = Debug|Any CPU
		{FE8E267D-B483-4A4F-9AC0-5092BFE5A2F8}.Release|Any CPU.ActiveCfg = Release|Any CPU
		{FE8E267D-B483-4A4F-9AC0-5092BFE5A2F8}.Release|Any CPU.Build.0 = Release|Any CPU
	EndGlobalSection
	GlobalSection(SolutionProperties) = preSolution
		HideSolutionNode = FALSE
	EndGlobalSection
	GlobalSection(ExtensibilityGlobals) = postSolution
		SolutionGuid = {659AB224-173F-4C57-A808-DDC638C9D3A6}
	EndGlobalSection
EndGlobal
